
Microsoft Visual Studio Solution File, Format Version 12.00
# Visual Studio Version 17
VisualStudioVersion = 17.4.33110.190
MinimumVisualStudioVersion = 10.0.40219.1
Project("{FAE04EC0-301F-11D3-BF4B-00C04F79EFBC}") = "LearningAPI", "LearningAPI\LearningAPI.csproj", "{A74626BE-2B12-455C-912C-DF6A091E4C6F}"
EndProject
Global
	GlobalSection(SolutionConfigurationPlatforms) = preSolution
		Debug|Any CPU = Debug|Any CPU
		Release|Any CPU = Release|Any CPU
	EndGlobalSection
	GlobalSection(ProjectConfigurationPlatforms) = postSolution
		{A74626BE-2B12-455C-912C-DF6A091E4C6F}.Debug|Any CPU.ActiveCfg = Debug|Any CPU
		{A74626BE-2B12-455C-912C-DF6A091E4C6F}.Debug|Any CPU.Build.0 = Debug|Any CPU
		{A74626BE-2B12-455C-912C-DF6A091E4C6F}.Release|Any CPU.ActiveCfg = Release|Any CPU
		{A74626BE-2B12-455C-912C-DF6A091E4C6F}.Release|Any CPU.Build.0 = Release|Any CPU
	EndGlobalSection
	GlobalSection(SolutionProperties) = preSolution
		HideSolutionNode = FALSE
	EndGlobalSection
	GlobalSection(ExtensibilityGlobals) = postSolution
		SolutionGuid = {324EAB8C-4E71-48A9-988F-B476B3739EE6}
	EndGlobalSection
EndGlobal
